#MicroXplorer Configuration settings - do not modify
Mcu.Family=STM32F4
RCC.PLLSourceVirtual=RCC_PLLSOURCE_HSE
ProjectManager.MainLocation=Core/Src
PC15-OSC32_OUT.Mode=LSE-External-Oscillator
PB13.GPIOParameters=GPIO_Label
PA6.Mode=Full_Duplex_Master
ProjectManager.ProjectFileName=TFT_01_controller.ioc
RCC.CortexFreq_Value=80000000
PA7.Mode=Full_Duplex_Master
ProjectManager.KeepUserCode=true
Mcu.UserName=STM32F411CEUx
Mcu.PinsNb=12
SPI1.VirtualType=VM_MASTER
ProjectManager.NoMain=false
SPI1.IPParameters=VirtualType,Mode,Direction,CalculateBaudRate,BaudRatePrescaler
PC13-ANTI_TAMP.GPIO_Label=BP_USER_LED
RCC.PLLCLKFreq_Value=80000000
PB14.GPIO_Label=TFT_DC
RCC.PLLQCLKFreq_Value=40000000
ProjectManager.functionlistsort=1-MX_GPIO_Init-GPIO-false-HAL-true,2-SystemClock_Config-RCC-false-HAL-false
PH1\ -\ OSC_OUT.Mode=HSE-External-Oscillator
RCC.RTCFreq_Value=32000
ProjectManager.DefaultFWLocation=true
PB12.Locked=true
ProjectManager.DeletePrevious=true
PB14.Locked=true
RCC.APB1CLKDivider=RCC_HCLK_DIV2
PC14-OSC32_IN.Signal=RCC_OSC32_IN
PB13.GPIO_Label=TFT_RST
PB13.Signal=GPIO_Output
PinOutPanel.RotationAngle=0
RCC.FamilyName=M
RCC.SYSCLKSource=RCC_SYSCLKSOURCE_PLLCLK
ProjectManager.StackSize=0x400
RCC.FCLKCortexFreq_Value=80000000
NVIC.SVCall_IRQn=true\:0\:0\:false\:false\:true\:false\:false
Mcu.IP2=SPI1
Mcu.IP3=SYS
Mcu.IP0=NVIC
Mcu.IP1=RCC
PH0\ -\ OSC_IN.Mode=HSE-External-Oscillator
Mcu.UserConstants=
PH0\ -\ OSC_IN.Signal=RCC_OSC_IN
ProjectManager.TargetToolchain=STM32CubeIDE
Mcu.ThirdPartyNb=0
SPI1.Direction=SPI_DIRECTION_2LINES
RCC.HCLKFreq_Value=80000000
Mcu.IPNb=4
RCC.I2SClocksFreq_Value=150000000
ProjectManager.PreviousToolchain=
RCC.APB2TimFreq_Value=80000000
RCC.VcooutputI2S=150000000
SPI1.CalculateBaudRate=10.0 MBits/s
RCC.VCOInputMFreq_Value=1562500
Mcu.Pin6=PA6
Mcu.Pin7=PA7
ProjectManager.RegisterCallBack=
Mcu.Pin8=PB12
Mcu.Pin9=PB13
PC15-OSC32_OUT.Signal=RCC_OSC32_OUT
RCC.AHBFreq_Value=80000000
PB13.Locked=true
Mcu.Pin0=PC13-ANTI_TAMP
Mcu.Pin1=PC14-OSC32_IN
Mcu.Pin2=PC15-OSC32_OUT
Mcu.Pin3=PH0 - OSC_IN
Mcu.Pin4=PH1 - OSC_OUT
RCC.VCOI2SOutputFreq_Value=300000000
Mcu.Pin5=PA5
PB14.Signal=GPIO_Output
PA5.Signal=SPI1_SCK
ProjectManager.ProjectBuild=false
RCC.HSE_VALUE=25000000
NVIC.UsageFault_IRQn=true\:0\:0\:false\:false\:true\:false\:false
NVIC.DebugMonitor_IRQn=true\:0\:0\:false\:false\:true\:false\:false
PH1\ -\ OSC_OUT.Signal=RCC_OSC_OUT
board=custom
PC13-ANTI_TAMP.Signal=GPIO_Output
RCC.VCOOutputFreq_Value=160000000
NVIC.SysTick_IRQn=true\:0\:0\:false\:false\:true\:false\:true
PC13-ANTI_TAMP.Locked=true
ProjectManager.LastFirmware=true
PB12.GPIO_Label=TFT_CS
ProjectManager.FirmwarePackage=STM32Cube FW_F4 V1.26.1
MxDb.Version=DB.6.0.20
RCC.APB2Freq_Value=80000000
ProjectManager.BackupPrevious=false
MxCube.Version=6.2.0
PC14-OSC32_IN.Mode=LSE-External-Oscillator
RCC.VCOInputFreq_Value=1666666.6666666667
SPI1.Mode=SPI_MODE_MASTER
File.Version=6
VP_SYS_VS_Systick.Mode=SysTick
RCC.EthernetFreq_Value=80000000
NVIC.NonMaskableInt_IRQn=true\:0\:0\:false\:false\:true\:false\:false
NVIC.PendSV_IRQn=true\:0\:0\:false\:false\:true\:false\:false
ProjectManager.FreePins=false
RCC.IPParameters=48MHZClocksFreq_Value,AHBFreq_Value,APB1CLKDivider,APB1Freq_Value,APB1TimFreq_Value,APB2Freq_Value,APB2TimFreq_Value,CortexFreq_Value,EthernetFreq_Value,FCLKCortexFreq_Value,FamilyName,HCLKFreq_Value,HSE_VALUE,HSI_VALUE,I2SClocksFreq_Value,LSI_VALUE,PLLCLKFreq_Value,PLLM,PLLN,PLLQCLKFreq_Value,PLLSourceVirtual,RTCFreq_Value,RTCHSEDivFreq_Value,SYSCLKFreq_VALUE,SYSCLKSource,VCOI2SOutputFreq_Value,VCOInputFreq_Value,VCOInputMFreq_Value,VCOOutputFreq_Value,VcooutputI2S
ProjectManager.AskForMigrate=true
Mcu.Name=STM32F411C(C-E)Ux
ProjectManager.HalAssertFull=false
RCC.RTCHSEDivFreq_Value=12500000
ProjectManager.ProjectName=TFT_01_controller
ProjectManager.UnderRoot=true
ProjectManager.CoupleFile=true
RCC.48MHZClocksFreq_Value=40000000
RCC.SYSCLKFreq_VALUE=80000000
Mcu.Package=UFQFPN48
PA6.Signal=SPI1_MISO
NVIC.ForceEnableDMAVector=true
KeepUserPlacement=false
NVIC.MemoryManagement_IRQn=true\:0\:0\:false\:false\:true\:false\:false
ProjectManager.CompilerOptimize=6
ProjectManager.ToolChainLocation=
RCC.LSI_VALUE=32000
VP_SYS_VS_Systick.Signal=SYS_VS_Systick
ProjectManager.HeapSize=0x200
NVIC.HardFault_IRQn=true\:0\:0\:false\:false\:true\:false\:false
PB14.GPIOParameters=GPIO_Label
ProjectManager.ComputerToolchain=false
RCC.HSI_VALUE=16000000
NVIC.PriorityGroup=NVIC_PRIORITYGROUP_4
Mcu.Pin11=VP_SYS_VS_Systick
RCC.PLLM=15
RCC.PLLN=96
Mcu.Pin10=PB14
RCC.APB1TimFreq_Value=80000000
NVIC.BusFault_IRQn=true\:0\:0\:false\:false\:true\:false\:false
RCC.APB1Freq_Value=40000000
SPI1.BaudRatePrescaler=SPI_BAUDRATEPRESCALER_8
ProjectManager.CustomerFirmwarePackage=
ProjectManager.DeviceId=STM32F411CEUx
PB12.GPIOParameters=GPIO_Label
PB12.Signal=GPIO_Output
ProjectManager.LibraryCopy=1
PA5.Mode=Full_Duplex_Master
PC13-ANTI_TAMP.GPIOParameters=GPIO_Label
PA7.Signal=SPI1_MOSI
isbadioc=false
